// !$*UTF8*$!
{
	archiveVersion = 1;
	classes = {
	};
	objectVersion = 50;
	objects = {

/* Begin PBXBuildFile section */
		52C8C33325E62DD60046B443 /* AppDelegate.m in Sources */ = {isa = PBXBuildFile; fileRef = 52C8C33225E62DD60046B443 /* AppDelegate.m */; };
		52C8C33625E62DD60046B443 /* SceneDelegate.m in Sources */ = {isa = PBXBuildFile; fileRef = 52C8C33525E62DD60046B443 /* SceneDelegate.m */; };
		52C8C33925E62DD60046B443 /* ViewController.m in Sources */ = {isa = PBXBuildFile; fileRef = 52C8C33825E62DD60046B443 /* ViewController.m */; };
		52C8C33C25E62DD60046B443 /* Main.storyboard in Resources */ = {isa = PBXBuildFile; fileRef = 52C8C33A25E62DD60046B443 /* Main.storyboard */; };
		52C8C33E25E62DD70046B443 /* Assets.xcassets in Resources */ = {isa = PBXBuildFile; fileRef = 52C8C33D25E62DD70046B443 /* Assets.xcassets */; };
		52C8C34125E62DD70046B443 /* LaunchScreen.storyboard in Resources */ = {isa = PBXBuildFile; fileRef = 52C8C33F25E62DD70046B443 /* LaunchScreen.storyboard */; };
		52C8C34425E62DD70046B443 /* main.m in Sources */ = {isa = PBXBuildFile; fileRef = 52C8C34325E62DD70046B443 /* main.m */; };
		52C8C34E25E62DD70046B443 /* __Tests.m in Sources */ = {isa = PBXBuildFile; fileRef = 52C8C34D25E62DD70046B443 /* __Tests.m */; };
		52C8C35925E62DD70046B443 /* __UITests.m in Sources */ = {isa = PBXBuildFile; fileRef = 52C8C35825E62DD70046B443 /* __UITests.m */; };
		52C8C36B25E633F80046B443 /* ClockView.m in Sources */ = {isa = PBXBuildFile; fileRef = 52C8C36A25E633F80046B443 /* ClockView.m */; };
/* End PBXBuildFile section */

/* Begin PBXContainerItemProxy section */
		52C8C34A25E62DD70046B443 /* PBXContainerItemProxy */ = {
			isa = PBXContainerItemProxy;
			containerPortal = 52C8C32625E62DD60046B443 /* Project object */;
			proxyType = 1;
			remoteGlobalIDString = 52C8C32D25E62DD60046B443;
			remoteInfo = "时钟";
		};
		52C8C35525E62DD70046B443 /* PBXContainerItemProxy */ = {
			isa = PBXContainerItemProxy;
			containerPortal = 52C8C32625E62DD60046B443 /* Project object */;
			proxyType = 1;
			remoteGlobalIDString = 52C8C32D25E62DD60046B443;
			remoteInfo = "时钟";
		};
/* End PBXContainerItemProxy section */

/* Begin PBXFileReference section */
		52C8C32E25E62DD60046B443 /* 时钟.app */ = {isa = PBXFileReference; explicitFileType = wrapper.application; includeInIndex = 0; path = "时钟.app"; sourceTree = BUILT_PRODUCTS_DIR; };
		52C8C33125E62DD60046B443 /* AppDelegate.h */ = {isa = PBXFileReference; lastKnownFileType = sourcecode.c.h; path = AppDelegate.h; sourceTree = "<group>"; };
		52C8C33225E62DD60046B443 /* AppDelegate.m */ = {isa = PBXFileReference; lastKnownFileType = sourcecode.c.objc; path = AppDelegate.m; sourceTree = "<group>"; };
		52C8C33425E62DD60046B443 /* SceneDelegate.h */ = {isa = PBXFileReference; lastKnownFileType = sourcecode.c.h; path = SceneDelegate.h; sourceTree = "<group>"; };
		52C8C33525E62DD60046B443 /* SceneDelegate.m */ = {isa = PBXFileReference; lastKnownFileType = sourcecode.c.objc; path = SceneDelegate.m; sourceTree = "<group>"; };
		52C8C33725E62DD60046B443 /* ViewController.h */ = {isa = PBXFileReference; lastKnownFileType = sourcecode.c.h; path = ViewController.h; sourceTree = "<group>"; };
		52C8C33825E62DD60046B443 /* ViewController.m */ = {isa = PBXFileReference; lastKnownFileType = sourcecode.c.objc; path = ViewController.m; sourceTree = "<group>"; };
		52C8C33B25E62DD60046B443 /* Base */ = {isa = PBXFileReference; lastKnownFileType = file.storyboard; name = Base; path = Base.lproj/Main.storyboard; sourceTree = "<group>"; };
		52C8C33D25E62DD70046B443 /* Assets.xcassets */ = {isa = PBXFileReference; lastKnownFileType = folder.assetcatalog; path = Assets.xcassets; sourceTree = "<group>"; };
		52C8C34025E62DD70046B443 /* Base */ = {isa = PBXFileReference; lastKnownFileType = file.storyboard; name = Base; path = Base.lproj/LaunchScreen.storyboard; sourceTree = "<group>"; };
		52C8C34225E62DD70046B443 /* Info.plist */ = {isa = PBXFileReference; lastKnownFileType = text.plist.xml; path = Info.plist; sourceTree = "<group>"; };
		52C8C34325E62DD70046B443 /* main.m */ = {isa = PBXFileReference; lastKnownFileType = sourcecode.c.objc; path = main.m; sourceTree = "<group>"; };
		52C8C34925E62DD70046B443 /* 时钟Tests.xctest */ = {isa = PBXFileReference; explicitFileType = wrapper.cfbundle; includeInIndex = 0; path = "时钟Tests.xctest"; sourceTree = BUILT_PRODUCTS_DIR; };
		52C8C34D25E62DD70046B443 /* __Tests.m */ = {isa = PBXFileReference; lastKnownFileType = sourcecode.c.objc; path = __Tests.m; sourceTree = "<group>"; };
		52C8C34F25E62DD70046B443 /* Info.plist */ = {isa = PBXFileReference; lastKnownFileType = text.plist.xml; path = Info.plist; sourceTree = "<group>"; };
		52C8C35425E62DD70046B443 /* 时钟UITests.xctest */ = {isa = PBXFileReference; explicitFileType = wrapper.cfbundle; includeInIndex = 0; path = "时钟UITests.xctest"; sourceTree = BUILT_PRODUCTS_DIR; };
		52C8C35825E62DD70046B443 /* __UITests.m */ = {isa = PBXFileReference; lastKnownFileType = sourcecode.c.objc; path = __UITests.m; sourceTree = "<group>"; };
		52C8C35A25E62DD70046B443 /* Info.plist */ = {isa = PBXFileReference; lastKnownFileType = text.plist.xml; path = Info.plist; sourceTree = "<group>"; };
		52C8C36925E633F80046B443 /* ClockView.h */ = {isa = PBXFileReference; lastKnownFileType = sourcecode.c.h; path = ClockView.h; sourceTree = "<group>"; };
		52C8C36A25E633F80046B443 /* ClockView.m */ = {isa = PBXFileReference; lastKnownFileType = sourcecode.c.objc; path = ClockView.m; sourceTree = "<group>"; };
/* End PBXFileReference section */

/* Begin PBXFrameworksBuildPhase section */
		52C8C32B25E62DD60046B443 /* Frameworks */ = {
			isa = PBXFrameworksBuildPhase;
			buildActionMask = 2147483647;
			files = (
			);
			runOnlyForDeploymentPostprocessing = 0;
		};
		52C8C34625E62DD70046B443 /* Frameworks */ = {
			isa = PBXFrameworksBuildPhase;
			buildActionMask = 2147483647;
			files = (
			);
			runOnlyForDeploymentPostprocessing = 0;
		};
		52C8C35125E62DD70046B443 /* Frameworks */ = {
			isa = PBXFrameworksBuildPhase;
			buildActionMask = 2147483647;
			files = (
			);
			runOnlyForDeploymentPostprocessing = 0;
		};
/* End PBXFrameworksBuildPhase section */

/* Begin PBXGroup section */
		52C8C32525E62DD60046B443 = {
			isa = PBXGroup;
			children = (
				52C8C33025E62DD60046B443 /* 时钟 */,
				52C8C34C25E62DD70046B443 /* 时钟Tests */,
				52C8C35725E62DD70046B443 /* 时钟UITests */,
				52C8C32F25E62DD60046B443 /* Products */,
			);
			sourceTree = "<group>";
		};
		52C8C32F25E62DD60046B443 /* Products */ = {
			isa = PBXGroup;
			children = (
				52C8C32E25E62DD60046B443 /* 时钟.app */,
				52C8C34925E62DD70046B443 /* 时钟Tests.xctest */,
				52C8C35425E62DD70046B443 /* 时钟UITests.xctest */,
			);
			name = Products;
			sourceTree = "<group>";
		};
		52C8C33025E62DD60046B443 /* 时钟 */ = {
			isa = PBXGroup;
			children = (
				52C8C33125E62DD60046B443 /* AppDelegate.h */,
				52C8C33225E62DD60046B443 /* AppDelegate.m */,
				52C8C33425E62DD60046B443 /* SceneDelegate.h */,
				52C8C33525E62DD60046B443 /* SceneDelegate.m */,
				52C8C33725E62DD60046B443 /* ViewController.h */,
				52C8C33825E62DD60046B443 /* ViewController.m */,
				52C8C36925E633F80046B443 /* ClockView.h */,
				52C8C36A25E633F80046B443 /* ClockView.m */,
				52C8C33A25E62DD60046B443 /* Main.storyboard */,
				52C8C33D25E62DD70046B443 /* Assets.xcassets */,
				52C8C33F25E62DD70046B443 /* LaunchScreen.storyboard */,
				52C8C34225E62DD70046B443 /* Info.plist */,
				52C8C34325E62DD70046B443 /* main.m */,
			);
			path = "时钟";
			sourceTree = "<group>";
		};
		52C8C34C25E62DD70046B443 /* 时钟Tests */ = {
			isa = PBXGroup;
			children = (
				52C8C34D25E62DD70046B443 /* __Tests.m */,
				52C8C34F25E62DD70046B443 /* Info.plist */,
			);
			path = "时钟Tests";
			sourceTree = "<group>";
		};
		52C8C35725E62DD70046B443 /* 时钟UITests */ = {
			isa = PBXGroup;
			children = (
				52C8C35825E62DD70046B443 /* __UITests.m */,
				52C8C35A25E62DD70046B443 /* Info.plist */,
			);
			path = "时钟UITests";
			sourceTree = "<group>";
		};
/* End PBXGroup section */

/* Begin PBXNativeTarget section */
		52C8C32D25E62DD60046B443 /* 时钟 */ = {
			isa = PBXNativeTarget;
			buildConfigurationList = 52C8C35D25E62DD70046B443 /* Build configuration list for PBXNativeTarget "时钟" */;
			buildPhases = (
				52C8C32A25E62DD60046B443 /* Sources */,
				52C8C32B25E62DD60046B443 /* Frameworks */,
				52C8C32C25E62DD60046B443 /* Resources */,
			);
			buildRules = (
			);
			dependencies = (
			);
			name = "时钟";
			productName = "时钟";
			productReference = 52C8C32E25E62DD60046B443 /* 时钟.app */;
			productType = "com.apple.product-type.application";
		};
		52C8C34825E62DD70046B443 /* 时钟Tests */ = {
			isa = PBXNativeTarget;
			buildConfigurationList = 52C8C36025E62DD70046B443 /* Build configuration list for PBXNativeTarget "时钟Tests" */;
			buildPhases = (
				52C8C34525E62DD70046B443 /* Sources */,
				52C8C34625E62DD70046B443 /* Frameworks */,
				52C8C34725E62DD70046B443 /* Resources */,
			);
			buildRules = (
			);
			dependencies = (
				52C8C34B25E62DD70046B443 /* PBXTargetDependency */,
			);
			name = "时钟Tests";
			productName = "时钟Tests";
			productReference = 52C8C34925E62DD70046B443 /* 时钟Tests.xctest */;
			productType = "com.apple.product-type.bundle.unit-test";
		};
		52C8C35325E62DD70046B443 /* 时钟UITests */ = {
			isa = PBXNativeTarget;
			buildConfigurationList = 52C8C36325E62DD70046B443 /* Build configuration list for PBXNativeTarget "时钟UITests" */;
			buildPhases = (
				52C8C35025E62DD70046B443 /* Sources */,
				52C8C35125E62DD70046B443 /* Frameworks */,
				52C8C35225E62DD70046B443 /* Resources */,
			);
			buildRules = (
			);
			dependencies = (
				52C8C35625E62DD70046B443 /* PBXTargetDependency */,
			);
			name = "时钟UITests";
			productName = "时钟UITests";
			productReference = 52C8C35425E62DD70046B443 /* 时钟UITests.xctest */;
			productType = "com.apple.product-type.bundle.ui-testing";
		};
/* End PBXNativeTarget section */

/* Begin PBXProject section */
		52C8C32625E62DD60046B443 /* Project object */ = {
			isa = PBXProject;
			attributes = {
				LastUpgradeCheck = 1210;
				TargetAttributes = {
					52C8C32D25E62DD60046B443 = {
						CreatedOnToolsVersion = 12.1;
					};
					52C8C34825E62DD70046B443 = {
						CreatedOnToolsVersion = 12.1;
						TestTargetID = 52C8C32D25E62DD60046B443;
					};
					52C8C35325E62DD70046B443 = {
						CreatedOnToolsVersion = 12.1;
						TestTargetID = 52C8C32D25E62DD60046B443;
					};
				};
			};
			buildConfigurationList = 52C8C32925E62DD60046B443 /* Build configuration list for PBXProject "时钟" */;
			compatibilityVersion = "Xcode 9.3";
			developmentRegion = en;
			hasScannedForEncodings = 0;
			knownRegions = (
				en,
				Base,
			);
			mainGroup = 52C8C32525E62DD60046B443;
			productRefGroup = 52C8C32F25E62DD60046B443 /* Products */;
			projectDirPath = "";
			projectRoot = "";
			targets = (
				52C8C32D25E62DD60046B443 /* 时钟 */,
				52C8C34825E62DD70046B443 /* 时钟Tests */,
				52C8C35325E62DD70046B443 /* 时钟UITests */,
			);
		};
/* End PBXProject section */

/* Begin PBXResourcesBuildPhase section */
		52C8C32C25E62DD60046B443 /* Resources */ = {
			isa = PBXResourcesBuildPhase;
			buildActionMask = 2147483647;
			files = (
				52C8C34125E62DD70046B443 /* LaunchScreen.storyboard in Resources */,
				52C8C33E25E62DD70046B443 /* Assets.xcassets in Resources */,
				52C8C33C25E62DD60046B443 /* Main.storyboard in Resources */,
			);
			runOnlyForDeploymentPostprocessing = 0;
		};
		52C8C34725E62DD70046B443 /* Resources */ = {
			isa = PBXResourcesBuildPhase;
			buildActionMask = 2147483647;
			files = (
			);
			runOnlyForDeploymentPostprocessing = 0;
		};
		52C8C35225E62DD70046B443 /* Resources */ = {
			isa = PBXResourcesBuildPhase;
			buildActionMask = 2147483647;
			files = (
			);
			runOnlyForDeploymentPostprocessing = 0;
		};
/* End PBXResourcesBuildPhase section */

/* Begin PBXSourcesBuildPhase section */
		52C8C32A25E62DD60046B443 /* Sources */ = {
			isa = PBXSourcesBuildPhase;
			buildActionMask = 2147483647;
			files = (
				52C8C33925E62DD60046B443 /* ViewController.m in Sources */,
				52C8C36B25E633F80046B443 /* ClockView.m in Sources */,
				52C8C33325E62DD60046B443 /* AppDelegate.m in Sources */,
				52C8C34425E62DD70046B443 /* main.m in Sources */,
				52C8C33625E62DD60046B443 /* SceneDelegate.m in Sources */,
			);
			runOnlyForDeploymentPostprocessing = 0;
		};
		52C8C34525E62DD70046B443 /* Sources */ = {
			isa = PBXSourcesBuildPhase;
			buildActionMask = 2147483647;
			files = (
				52C8C34E25E62DD70046B443 /* __Tests.m in Sources */,
			);
			runOnlyForDeploymentPostprocessing = 0;
		};
		52C8C35025E62DD70046B443 /* Sources */ = {
			isa = PBXSourcesBuildPhase;
			buildActionMask = 2147483647;
			files = (
				52C8C35925E62DD70046B443 /* __UITests.m in Sources */,
			);
			runOnlyForDeploymentPostprocessing = 0;
		};
/* End PBXSourcesBuildPhase section */

/* Begin PBXTargetDependency section */
		52C8C34B25E62DD70046B443 /* PBXTargetDependency */ = {
			isa = PBXTargetDependency;
			target = 52C8C32D25E62DD60046B443 /* 时钟 */;
			targetProxy = 52C8C34A25E62DD70046B443 /* PBXContainerItemProxy */;
		};
		52C8C35625E62DD70046B443 /* PBXTargetDependency */ = {
			isa = PBXTargetDependency;
			target = 52C8C32D25E62DD60046B443 /* 时钟 */;
			targetProxy = 52C8C35525E62DD70046B443 /* PBXContainerItemProxy */;
		};
/* End PBXTargetDependency section */

/* Begin PBXVariantGroup section */
		52C8C33A25E62DD60046B443 /* Main.storyboard */ = {
			isa = PBXVariantGroup;
			children = (
				52C8C33B25E62DD60046B443 /* Base */,
			);
			name = Main.storyboard;
			sourceTree = "<group>";
		};
		52C8C33F25E62DD70046B443 /* LaunchScreen.storyboard */ = {
			isa = PBXVariantGroup;
			children = (
				52C8C34025E62DD70046B443 /* Base */,
			);
			name = LaunchScreen.storyboard;
			sourceTree = "<group>";
		};
/* End PBXVariantGroup section */

/* Begin XCBuildConfiguration section */
		52C8C35B25E62DD70046B443 /* Debug */ = {
			isa = XCBuildConfiguration;
			buildSettings = {
				ALWAYS_SEARCH_USER_PATHS = NO;
				CLANG_ANALYZER_NONNULL = YES;
				CLANG_ANALYZER_NUMBER_OBJECT_CONVERSION = YES_AGGRESSIVE;
				CLANG_CXX_LANGUAGE_STANDARD = "gnu++14";
				CLANG_CXX_LIBRARY = "libc++";
				CLANG_ENABLE_MODULES = YES;
				CLANG_ENABLE_OBJC_ARC = YES;
				CLANG_ENABLE_OBJC_WEAK = YES;
				CLANG_WARN_BLOCK_CAPTURE_AUTORELEASING = YES;
				CLANG_WARN_BOOL_CONVERSION = YES;
				CLANG_WARN_COMMA = YES;
				CLANG_WARN_CONSTANT_CONVERSION = YES;
				CLANG_WARN_DEPRECATED_OBJC_IMPLEMENTATIONS = YES;
				CLANG_WARN_DIRECT_OBJC_ISA_USAGE = YES_ERROR;
				CLANG_WARN_DOCUMENTATION_COMMENTS = YES;
				CLANG_WARN_EMPTY_BODY = YES;
				CLANG_WARN_ENUM_CONVERSION = YES;
				CLANG_WARN_INFINITE_RECURSION = YES;
				CLANG_WARN_INT_CONVERSION = YES;
				CLANG_WARN_NON_LITERAL_NULL_CONVERSION = YES;
				CLANG_WARN_OBJC_IMPLICIT_RETAIN_SELF = YES;
				CLANG_WARN_OBJC_LITERAL_CONVERSION = YES;
				CLANG_WARN_OBJC_ROOT_CLASS = YES_ERROR;
				CLANG_WARN_QUOTED_INCLUDE_IN_FRAMEWORK_HEADER = YES;
				CLANG_WARN_RANGE_LOOP_ANALYSIS = YES;
				CLANG_WARN_STRICT_PROTOTYPES = YES;
				CLANG_WARN_SUSPICIOUS_MOVE = YES;
				CLANG_WARN_UNGUARDED_AVAILABILITY = YES_AGGRESSIVE;
				CLANG_WARN_UNREACHABLE_CODE = YES;
				CLANG_WARN__DUPLICATE_METHOD_MATCH = YES;
				COPY_PHASE_STRIP = NO;
				DEBUG_INFORMATION_FORMAT = dwarf;
				ENABLE_STRICT_OBJC_MSGSEND = YES;
				ENABLE_TESTABILITY = YES;
				GCC_C_LANGUAGE_STANDARD = gnu11;
				GCC_DYNAMIC_NO_PIC = NO;
				GCC_NO_COMMON_BLOCKS = YES;
				GCC_OPTIMIZATION_LEVEL = 0;
				GCC_PREPROCESSOR_DEFINITIONS = (
					"DEBUG=1",
					"$(inherited)",
				);
				GCC_WARN_64_TO_32_BIT_CONVERSION = YES;
				GCC_WARN_ABOUT_RETURN_TYPE = YES_ERROR;
				GCC_WARN_UNDECLARED_SELECTOR = YES;
				GCC_WARN_UNINITIALIZED_AUTOS = YES_AGGRESSIVE;
				GCC_WARN_UNUSED_FUNCTION = YES;
				GCC_WARN_UNUSED_VARIABLE = YES;
				IPHONEOS_DEPLOYMENT_TARGET = 14.1;
				MTL_ENABLE_DEBUG_INFO = INCLUDE_SOURCE;
				MTL_FAST_MATH = YES;
				ONLY_ACTIVE_ARCH = YES;
				SDKROOT = iphoneos;
			};
			name = Debug;
		};
		52C8C35C25E62DD70046B443 /* Release */ = {
			isa = XCBuildConfiguration;
			buildSettings = {
				ALWAYS_SEARCH_USER_PATHS = NO;
				CLANG_ANALYZER_NONNULL = YES;
				CLANG_ANALYZER_NUMBER_OBJECT_CONVERSION = YES_AGGRESSIVE;
				CLANG_CXX_LANGUAGE_STANDARD = "gnu++14";
				CLANG_CXX_LIBRARY = "libc++";
				CLANG_ENABLE_MODULES = YES;
				CLANG_ENABLE_OBJC_ARC = YES;
				CLANG_ENABLE_OBJC_WEAK = YES;
				CLANG_WARN_BLOCK_CAPTURE_AUTORELEASING = YES;
				CLANG_WARN_BOOL_CONVERSION = YES;
				CLANG_WARN_COMMA = YES;
				CLANG_WARN_CONSTANT_CONVERSION = YES;
				CLANG_WARN_DEPRECATED_OBJC_IMPLEMENTATIONS = YES;
				CLANG_WARN_DIRECT_OBJC_ISA_USAGE = YES_ERROR;
				CLANG_WARN_DOCUMENTATION_COMMENTS = YES;
				CLANG_WARN_EMPTY_BODY = YES;
				CLANG_WARN_ENUM_CONVERSION = YES;
				CLANG_WARN_INFINITE_RECURSION = YES;
				CLANG_WARN_INT_CONVERSION = YES;
				CLANG_WARN_NON_LITERAL_NULL_CONVERSION = YES;
				CLANG_WARN_OBJC_IMPLICIT_RETAIN_SELF = YES;
				CLANG_WARN_OBJC_LITERAL_CONVERSION = YES;
				CLANG_WARN_OBJC_ROOT_CLASS = YES_ERROR;
				CLANG_WARN_QUOTED_INCLUDE_IN_FRAMEWORK_HEADER = YES;
				CLANG_WARN_RANGE_LOOP_ANALYSIS = YES;
				CLANG_WARN_STRICT_PROTOTYPES = YES;
				CLANG_WARN_SUSPICIOUS_MOVE = YES;
				CLANG_WARN_UNGUARDED_AVAILABILITY = YES_AGGRESSIVE;
				CLANG_WARN_UNREACHABLE_CODE = YES;
				CLANG_WARN__DUPLICATE_METHOD_MATCH = YES;
				COPY_PHASE_STRIP = NO;
				DEBUG_INFORMATION_FORMAT = "dwarf-with-dsym";
				ENABLE_NS_ASSERTIONS = NO;
				ENABLE_STRICT_OBJC_MSGSEND = YES;
				GCC_C_LANGUAGE_STANDARD = gnu11;
				GCC_NO_COMMON_BLOCKS = YES;
				GCC_WARN_64_TO_32_BIT_CONVERSION = YES;
				GCC_WARN_ABOUT_RETURN_TYPE = YES_ERROR;
				GCC_WARN_UNDECLARED_SELECTOR = YES;
				GCC_WARN_UNINITIALIZED_AUTOS = YES_AGGRESSIVE;
				GCC_WARN_UNUSED_FUNCTION = YES;
				GCC_WARN_UNUSED_VARIABLE = YES;
				IPHONEOS_DEPLOYMENT_TARGET = 14.1;
				MTL_ENABLE_DEBUG_INFO = NO;
				MTL_FAST_MATH = YES;
				SDKROOT = iphoneos;
				VALIDATE_PRODUCT = YES;
			};
			name = Release;
		};
		52C8C35E25E62DD70046B443 /* Debug */ = {
			isa = XCBuildConfiguration;
			buildSettings = {
				ASSETCATALOG_COMPILER_APPICON_NAME = AppIcon;
				ASSETCATALOG_COMPILER_GLOBAL_ACCENT_COLOR_NAME = AccentColor;
				CODE_SIGN_STYLE = Automatic;
				DEVELOPMENT_TEAM = 9ZJZGZB2QL;
				INFOPLIST_FILE = "时钟/Info.plist";
				LD_RUNPATH_SEARCH_PATHS = (
					"$(inherited)",
					"@executable_path/Frameworks",
				);
				PRODUCT_BUNDLE_IDENTIFIER = "kkkak.--";
				PRODUCT_NAME = "$(TARGET_NAME)";
				TARGETED_DEVICE_FAMILY = "1,2";
			};
			name = Debug;
		};
		52C8C35F25E62DD70046B443 /* Release */ = {
			isa = XCBuildConfiguration;
			buildSettings = {
				ASSETCATALOG_COMPILER_APPICON_NAME = AppIcon;
				ASSETCATALOG_COMPILER_GLOBAL_ACCENT_COLOR_NAME = AccentColor;
				CODE_SIGN_STYLE = Automatic;
				DEVELOPMENT_TEAM = 9ZJZGZB2QL;
				INFOPLIST_FILE = "时钟/Info.plist";
				LD_RUNPATH_SEARCH_PATHS = (
					"$(inherited)",
					"@executable_path/Frameworks",
				);
				PRODUCT_BUNDLE_IDENTIFIER = "kkkak.--";
				PRODUCT_NAME = "$(TARGET_NAME)";
				TARGETED_DEVICE_FAMILY = "1,2";
			};
			name = Release;
		};
		52C8C36125E62DD70046B443 /* Debug */ = {
			isa = XCBuildConfiguration;
			buildSettings = {
				BUNDLE_LOADER = "$(TEST_HOST)";
				CODE_SIGN_STYLE = Automatic;
				DEVELOPMENT_TEAM = 9ZJZGZB2QL;
				INFOPLIST_FILE = "时钟Tests/Info.plist";
				IPHONEOS_DEPLOYMENT_TARGET = 14.1;
				LD_RUNPATH_SEARCH_PATHS = (
					"$(inherited)",
					"@executable_path/Frameworks",
					"@loader_path/Frameworks",
				);
				PRODUCT_BUNDLE_IDENTIFIER = "kkkak.--Tests";
				PRODUCT_NAME = "$(TARGET_NAME)";
				TARGETED_DEVICE_FAMILY = "1,2";
				TEST_HOST = "$(BUILT_PRODUCTS_DIR)/时钟.app/时钟";
			};
			name = Debug;
		};
		52C8C36225E62DD70046B443 /* Release */ = {
			isa = XCBuildConfiguration;
			buildSettings = {
				BUNDLE_LOADER = "$(TEST_HOST)";
				CODE_SIGN_STYLE = Automatic;
				DEVELOPMENT_TEAM = 9ZJZGZB2QL;
				INFOPLIST_FILE = "时钟Tests/Info.plist";
				IPHONEOS_DEPLOYMENT_TARGET = 14.1;
				LD_RUNPATH_SEARCH_PATHS = (
					"$(inherited)",
					"@executable_path/Frameworks",
					"@loader_path/Frameworks",
				);
				PRODUCT_BUNDLE_IDENTIFIER = "kkkak.--Tests";
				PRODUCT_NAME = "$(TARGET_NAME)";
				TARGETED_DEVICE_FAMILY = "1,2";
				TEST_HOST = "$(BUILT_PRODUCTS_DIR)/时钟.app/时钟";
			};
			name = Release;
		};
		52C8C36425E62DD70046B443 /* Debug */ = {
			isa = XCBuildConfiguration;
			buildSettings = {
				CODE_SIGN_STYLE = Automatic;
				DEVELOPMENT_TEAM = 9ZJZGZB2QL;
				INFOPLIST_FILE = "时钟UITests/Info.plist";
				LD_RUNPATH_SEARCH_PATHS = (
					"$(inherited)",
					"@executable_path/Frameworks",
					"@loader_path/Frameworks",
				);
				PRODUCT_BUNDLE_IDENTIFIER = "kkkak.--UITests";
				PRODUCT_NAME = "$(TARGET_NAME)";
				TARGETED_DEVICE_FAMILY = "1,2";
				TEST_TARGET_NAME = "时钟";
			};
			name = Debug;
		};
		52C8C36525E62DD70046B443 /* Release */ = {
			isa = XCBuildConfiguration;
			buildSettings = {
				CODE_SIGN_STYLE = Automatic;
				DEVELOPMENT_TEAM = 9ZJZGZB2QL;
				INFOPLIST_FILE = "时钟UITests/Info.plist";
				LD_RUNPATH_SEARCH_PATHS = (
					"$(inherited)",
					"@executable_path/Frameworks",
					"@loader_path/Frameworks",
				);
				PRODUCT_BUNDLE_IDENTIFIER = "kkkak.--UITests";
				PRODUCT_NAME = "$(TARGET_NAME)";
				TARGETED_DEVICE_FAMILY = "1,2";
				TEST_TARGET_NAME = "时钟";
			};
			name = Release;
		};
/* End XCBuildConfiguration section */

/* Begin XCConfigurationList section */
		52C8C32925E62DD60046B443 /* Build configuration list for PBXProject "时钟" */ = {
			isa = XCConfigurationList;
			buildConfigurations = (
				52C8C35B25E62DD70046B443 /* Debug */,
				52C8C35C25E62DD70046B443 /* Release */,
			);
			defaultConfigurationIsVisible = 0;
			defaultConfigurationName = Release;
		};
		52C8C35D25E62DD70046B443 /* Build configuration list for PBXNativeTarget "时钟" */ = {
			isa = XCConfigurationList;
			buildConfigurations = (
				52C8C35E25E62DD70046B443 /* Debug */,
				52C8C35F25E62DD70046B443 /* Release */,
			);
			defaultConfigurationIsVisible = 0;
			defaultConfigurationName = Release;
		};
		52C8C36025E62DD70046B443 /* Build configuration list for PBXNativeTarget "时钟Tests" */ = {
			isa = XCConfigurationList;
			buildConfigurations = (
				52C8C36125E62DD70046B443 /* Debug */,
				52C8C36225E62DD70046B443 /* Release */,
			);
			defaultConfigurationIsVisible = 0;
			defaultConfigurationName = Release;
		};
		52C8C36325E62DD70046B443 /* Build configuration list for PBXNativeTarget "时钟UITests" */ = {
			isa = XCConfigurationList;
			buildConfigurations = (
				52C8C36425E62DD70046B443 /* Debug */,
				52C8C36525E62DD70046B443 /* Release */,
			);
			defaultConfigurationIsVisible = 0;
			defaultConfigurationName = Release;
		};
/* End XCConfigurationList section */
	};
	rootObject = 52C8C32625E62DD60046B443 /* Project object */;
}
